# This file was autogenerated by Stack.
# You should not edit this file by hand.
# For more information, please see the documentation at:
#   https://docs.haskellstack.org/en/stable/topics/lock_files

packages:
- completed:
    hackage: libyaml-streamly-0.2.3.0@sha256:a8b69ec57ab44e562d90f6c21058861c80732a1932cb1d214fc450ecf53b36ba,1913
    pantry-tree:
      sha256: d5c6d42c1e9644896490ff243c331a0c358af2f67b9d4aee932a4c2d1f0fe464
      size: 423
  original:
    hackage: libyaml-streamly-0.2.3.0@sha256:a8b69ec57ab44e562d90f6c21058861c80732a1932cb1d214fc450ecf53b36ba,1913
- completed:
    hackage: skeletest-0.4.1@sha256:39707bd0a68e96d10f4003bf5433469b110410378bfa964309dae10781c50f67,4894
    pantry-tree:
      sha256: 674f2abbf1307303a46e856084895df7e24305f10f872d7d7ed47b3580b941af
      size: 6155
  original:
    hackage: skeletest-0.4.1
- completed:
    hackage: strip-ansi-escape-0.1.0.0@sha256:08f2ed93b16086a837ec46eab7ce8d27cf39d47783caaeb818878ea33c2ff75f,1628
    pantry-tree:
      sha256: cf7712453587e8ea69b96f33e2e8015c22d3b448259d4cace663cc15657309d7
      size: 671
  original:
    hackage: strip-ansi-escape-0.1.0.0@sha256:08f2ed93b16086a837ec46eab7ce8d27cf39d47783caaeb818878ea33c2ff75f,1628
snapshots:
- completed:
    sha256: abc790b571e0c70e929db74b329e3c18d7e76a6e173e8bdf94f1ba20770d4c24
    size: 728990
    url: https://raw.githubusercontent.com/commercialhaskell/stackage-snapshots/master/lts/24/38.yaml
  original: lts-24.38
