# This file was autogenerated by Stack.
# You should not edit this file by hand.
# For more information, please see the documentation at:
#   https://docs.haskellstack.org/en/stable/lock_files

packages:
- completed:
    hackage: yaml-streamly-0.12.5@sha256:61b4d2d16c4be3aa2ebcc0af3d1a15e0c8302d14da3b91faf3b181573acd35c5,5184
    pantry-tree:
      sha256: b38139d4a53b06a14ed4f94d902279be690c7923980874507cf496750260b72d
      size: 2326
  original:
    hackage: yaml-streamly-0.12.5
- completed:
    hackage: libyaml-streamly-0.2.3.0@sha256:a8b69ec57ab44e562d90f6c21058861c80732a1932cb1d214fc450ecf53b36ba,1913
    pantry-tree:
      sha256: d5c6d42c1e9644896490ff243c331a0c358af2f67b9d4aee932a4c2d1f0fe464
      size: 423
  original:
    hackage: libyaml-streamly-0.2.3.0@sha256:a8b69ec57ab44e562d90f6c21058861c80732a1932cb1d214fc450ecf53b36ba,1913
- completed:
    hackage: skeletest-0.1.0@sha256:5a2f8899eb98bf25940e616be5b4473c03805bb400c29082f7827f9f505f61e6,3903
    pantry-tree:
      sha256: 681eb6c7b3c465541be198ed97a5446443c8587a43d524183b94e1fdfb66b3d6
      size: 4258
  original:
    hackage: skeletest-0.1.0
- completed:
    hackage: Diff-0.5@sha256:9c8a972eead9e079b90c6581fa8ef5755662c10dd075951b32b801145704afbb,1814
    pantry-tree:
      sha256: 6403568c4b7f80c0e76fc26a0b8a76f0d75a63c2d61d237ba5756873331d5ac1
      size: 416
  original:
    hackage: Diff-0.5@sha256:9c8a972eead9e079b90c6581fa8ef5755662c10dd075951b32b801145704afbb,1814
- completed:
    hackage: recover-rtti-0.5.0@sha256:f5145507c7091da1ffe619a88551823087912ee78ffe42eea2404c4b1bbf69d4,5080
    pantry-tree:
      sha256: 5f9e048ebb3d9876d68219bee4ead0083a8e3a523775037edcf2679b868e298b
      size: 2489
  original:
    hackage: recover-rtti-0.5.0@sha256:f5145507c7091da1ffe619a88551823087912ee78ffe42eea2404c4b1bbf69d4,5080
snapshots:
- completed:
    sha256: 08bd13ce621b41a8f5e51456b38d5b46d7783ce114a50ab604d6bbab0d002146
    size: 720271
    url: https://raw.githubusercontent.com/commercialhaskell/stackage-snapshots/master/lts/22/43.yaml
  original:
    url: https://raw.githubusercontent.com/commercialhaskell/stackage-snapshots/master/lts/22/43.yaml
